
Microsoft Visual Studio Solution File, Format Version 12.00
# Visual Studio Version 17
VisualStudioVersion = 17.10.35027.167
MinimumVisualStudioVersion = 10.0.40219.1
Project("{9A19103F-16F7-4668-BE54-9A1E7A4F7556}") = "TreeHeightFramework", "TreeHeightFramework.csproj", "{8EBF139F-AB81-4013-9922-79AE4CD8AD58}"
EndProject
Global
	GlobalSection(SolutionConfigurationPlatforms) = preSolution
		Debug|Any CPU = Debug|Any CPU
		Release|Any CPU = Release|Any CPU
	EndGlobalSection
	GlobalSection(ProjectConfigurationPlatforms) = postSolution
		{8EBF139F-AB81-4013-9922-79AE4CD8AD58}.Debug|Any CPU.ActiveCfg = Debug|Any CPU
		{8EBF139F-AB81-4013-9922-79AE4CD8AD58}.Debug|Any CPU.Build.0 = Debug|Any CPU
		{8EBF139F-AB81-4013-9922-79AE4CD8AD58}.Release|Any CPU.ActiveCfg = Release|Any CPU
		{8EBF139F-AB81-4013-9922-79AE4CD8AD58}.Release|Any CPU.Build.0 = Release|Any CPU
	EndGlobalSection
	GlobalSection(SolutionProperties) = preSolution
		HideSolutionNode = FALSE
	EndGlobalSection
	GlobalSection(ExtensibilityGlobals) = postSolution
		SolutionGuid = {BF8D5489-C0D9-48D5-B19B-783CB50D8C6B}
	EndGlobalSection
EndGlobal
